
Microsoft Visual Studio Solution File, Format Version 12.00
# Visual Studio Version 16
VisualStudioVersion = 16.0.32901.82
MinimumVisualStudioVersion = 10.0.40219.1
Project("{FAE04EC0-301F-11D3-BF4B-00C04F79EFBC}") = "VS", "VS\VS.csproj", "{DAB731A8-608D-48D7-BB75-32BC55992CB6}"
EndProject
Global
	GlobalSection(SolutionConfigurationPlatforms) = preSolution
		Debug|Any CPU = Debug|Any CPU
		Release|Any CPU = Release|Any CPU
	EndGlobalSection
	GlobalSection(ProjectConfigurationPlatforms) = postSolution
		{DAB731A8-608D-48D7-BB75-32BC55992CB6}.Debug|Any CPU.ActiveCfg = Debug|Any CPU
		{DAB731A8-608D-48D7-BB75-32BC55992CB6}.Debug|Any CPU.Build.0 = Debug|Any CPU
		{DAB731A8-608D-48D7-BB75-32BC55992CB6}.Release|Any CPU.ActiveCfg = Release|Any CPU
		{DAB731A8-608D-48D7-BB75-32BC55992CB6}.Release|Any CPU.Build.0 = Release|Any CPU
	EndGlobalSection
	GlobalSection(SolutionProperties) = preSolution
		HideSolutionNode = FALSE
	EndGlobalSection
	GlobalSection(ExtensibilityGlobals) = postSolution
		SolutionGuid = {62CFCFCD-D42B-4B96-8D02-6EC2C05A4832}
	EndGlobalSection
EndGlobal
